{
  "nodes": {
    "hackage-db": {
      "flake": false,
      "locked": {
        "lastModified": 1711997811,
        "narHash": "sha256-8NTfSb1fE/so843qG59XpvPE2HIYTa0D1UrpnHdJ44U=",
        "owner": "michaelpj",
        "repo": "hackage-db",
        "rev": "83f819cb08742d3c86a83b407d45c1f6c1c7e299",
        "type": "github"
      },
      "original": {
        "owner": "michaelpj",
        "repo": "hackage-db",
        "rev": "83f819cb08742d3c86a83b407d45c1f6c1c7e299",
        "type": "github"
      }
    },
    "nixpkgs-2405": {
      "locked": {
        "lastModified": 1732419187,
        "narHash": "sha256-psH+MGBI4W+1QHnrlUOFFk5x+6Tb61BHFtKW+RlcPBc=",
        "owner": "NixOS",
        "repo": "nixpkgs",
        "rev": "0dd10b16f5a44a9437f43fbe92bea7f3a290dad8",
        "type": "github"
      },
      "original": {
        "owner": "NixOS",
        "ref": "release-24.05",
        "repo": "nixpkgs",
        "type": "github"
      }
    },
    "root": {
      "inputs": {
        "hackage-db": "hackage-db",
        "nixpkgs": [
          "nixpkgs-2405"
        ],
        "nixpkgs-2405": "nixpkgs-2405"
      }
    }
  },
  "root": "root",
  "version": 7
}
