{
  "nodes": {
    "flake-compat": {
      "flake": false,
      "locked": {
        "lastModified": 1672831974,
        "narHash": "sha256-z9k3MfslLjWQfnjBtEtJZdq3H7kyi2kQtUThfTgdRk0=",
        "owner": "input-output-hk",
        "repo": "flake-compat",
        "rev": "45f2638735f8cdc40fe302742b79f248d23eb368",
        "type": "github"
      },
      "original": {
        "owner": "input-output-hk",
        "ref": "hkm/gitlab-fix",
        "repo": "flake-compat",
        "type": "github"
      }
    },
    "hackage": {
      "flake": false,
      "locked": {
        "lastModified": 1787794803,
        "narHash": "sha256-4560yJiSAT248cUjfbFfdjA171s5vtmVoYf9EIBH1vY=",
        "owner": "kronor-io",
        "repo": "hackage.nix",
        "rev": "05965ccecf148ef855aa8985595f39a4eba72edf",
        "type": "github"
      },
      "original": {
        "owner": "kronor-io",
        "ref": "main",
        "repo": "hackage.nix",
        "type": "github"
      }
    },
    "hackage-db": {
      "flake": false,
      "locked": {
        "lastModified": 1711997811,
        "narHash": "sha256-8NTfSb1fE/so843qG59XpvPE2HIYTa0D1UrpnHdJ44U=",
        "owner": "michaelpj",
        "repo": "hackage-db",
        "rev": "83f819cb08742d3c86a83b407d45c1f6c1c7e299",
        "type": "github"
      },
      "original": {
        "owner": "michaelpj",
        "repo": "hackage-db",
        "rev": "83f819cb08742d3c86a83b407d45c1f6c1c7e299",
        "type": "github"
      }
    },
    "nixpkgs-2605": {
      "locked": {
        "lastModified": 1784753046,
        "narHash": "sha256-SMBjyNAg+N3ZcZOFrHc9XgHTt7d/l1Cuo/qKj5AzYe0=",
        "owner": "NixOS",
        "repo": "nixpkgs",
        "rev": "04c83a648c9a5dfa2840375c13815655b5393480",
        "type": "github"
      },
      "original": {
        "owner": "NixOS",
        "ref": "release-26.05",
        "repo": "nixpkgs",
        "type": "github"
      }
    },
    "root": {
      "inputs": {
        "flake-compat": "flake-compat",
        "hackage": "hackage",
        "hackage-db": "hackage-db",
        "nixpkgs": [
          "nixpkgs-2605"
        ],
        "nixpkgs-2605": "nixpkgs-2605"
      }
    }
  },
  "root": "root",
  "version": 7
}
