{
  "nodes": {
    "flake-compat": {
      "flake": false,
      "locked": {
        "lastModified": 1672831974,
        "narHash": "sha256-z9k3MfslLjWQfnjBtEtJZdq3H7kyi2kQtUThfTgdRk0=",
        "owner": "input-output-hk",
        "repo": "flake-compat",
        "rev": "45f2638735f8cdc40fe302742b79f248d23eb368",
        "type": "github"
      },
      "original": {
        "owner": "input-output-hk",
        "ref": "hkm/gitlab-fix",
        "repo": "flake-compat",
        "type": "github"
      }
    },
    "hackage": {
      "flake": false,
      "locked": {
        "lastModified": 1776733031,
        "narHash": "sha256-1uU4a7vAtryvI43amylzXj2Fw79RUCtrXwsad6tsOSg=",
        "owner": "kronor-io",
        "repo": "hackage.nix",
        "rev": "d43322404bab8f0990bc3c41677292dd5545bf81",
        "type": "github"
      },
      "original": {
        "owner": "kronor-io",
        "ref": "main",
        "repo": "hackage.nix",
        "type": "github"
      }
    },
    "hackage-db": {
      "flake": false,
      "locked": {
        "lastModified": 1711997811,
        "narHash": "sha256-8NTfSb1fE/so843qG59XpvPE2HIYTa0D1UrpnHdJ44U=",
        "owner": "michaelpj",
        "repo": "hackage-db",
        "rev": "83f819cb08742d3c86a83b407d45c1f6c1c7e299",
        "type": "github"
      },
      "original": {
        "owner": "michaelpj",
        "repo": "hackage-db",
        "rev": "83f819cb08742d3c86a83b407d45c1f6c1c7e299",
        "type": "github"
      }
    },
    "nixpkgs-2505": {
      "locked": {
        "lastModified": 1756650686,
        "narHash": "sha256-kgf2GzjNcyZ9A68+NuRTiYOGgB3Ux8Bw4KU5WjjYk1A=",
        "owner": "NixOS",
        "repo": "nixpkgs",
        "rev": "c8f89b1c7ce876a7d0a7f172f8fc78c63176ab2b",
        "type": "github"
      },
      "original": {
        "owner": "NixOS",
        "ref": "release-25.05",
        "repo": "nixpkgs",
        "type": "github"
      }
    },
    "root": {
      "inputs": {
        "flake-compat": "flake-compat",
        "hackage": "hackage",
        "hackage-db": "hackage-db",
        "nixpkgs": [
          "nixpkgs-2505"
        ],
        "nixpkgs-2505": "nixpkgs-2505"
      }
    }
  },
  "root": "root",
  "version": 7
}
